
Microsoft Visual Studio Solution File, Format Version 12.00
# Visual Studio Version 16
VisualStudioVersion = 16.0.29709.97
MinimumVisualStudioVersion = 10.0.40219.1
Project("{9A19103F-16F7-4668-BE54-9A1E7A4F7556}") = "Scrabble", "..\lib\Scrabble\Scrabble.csproj", "{CD92170B-D63C-429C-8AD6-68FC3B010D8F}"
EndProject
Project("{2150E333-8FDC-42A3-9474-1A3956D46DE8}") = "lib", "lib", "{822AEF0C-5999-478E-9BA4-55F21CF845E5}"
EndProject
Project("{9A19103F-16F7-4668-BE54-9A1E7A4F7556}") = "ScrabbleTests", "..\lib\ScrabbleTests\ScrabbleTests.csproj", "{0DEB67F5-1C10-46E6-8028-6B65EC67F839}"
EndProject
Project("{9A19103F-16F7-4668-BE54-9A1E7A4F7556}") = "Words", "..\lib\Words\Words.csproj", "{04503585-0DDA-4A32-8C86-A69401B708B0}"
EndProject
Project("{9A19103F-16F7-4668-BE54-9A1E7A4F7556}") = "WordsTests", "..\lib\WordsTests\WordsTests.csproj", "{648A6032-43AE-4D71-9B36-FDD7F262461F}"
EndProject
Project("{9A19103F-16F7-4668-BE54-9A1E7A4F7556}") = "Mijabr.Scrabble", "..\lib\Mijabr.Scrabble\Mijabr.Scrabble.csproj", "{4D7B9FB6-24E3-414E-A263-7E4B057A61E9}"
EndProject
Project("{9A19103F-16F7-4668-BE54-9A1E7A4F7556}") = "Mijabr.Language", "..\lib\Mijabr.Language\Mijabr.Language.csproj", "{CBFDC50C-7421-4EE7-A0F1-DFD76B5255A6}"
EndProject
Project("{9A19103F-16F7-4668-BE54-9A1E7A4F7556}") = "Mijabr.Language.Tests", "..\lib\Mijabr.Language.Tests\Mijabr.Language.Tests.csproj", "{C3243087-8FD0-40E0-93EA-2E98DFB9E991}"
EndProject
Project("{2150E333-8FDC-42A3-9474-1A3956D46DE8}") = "build", "build", "{98170CAE-11BD-4C91-83BB-5DC20135BE5D}"
	ProjectSection(SolutionItems) = preProject
		..\.dockerignore = ..\.dockerignore
		..\.gitignore = ..\.gitignore
		..\Dockerfile = ..\Dockerfile
		..\Dockerfile.arm = ..\Dockerfile.arm
		..\make.ps1 = ..\make.ps1
	EndProjectSection
EndProject
Global
	GlobalSection(SolutionConfigurationPlatforms) = preSolution
		Debug|Any CPU = Debug|Any CPU
		Release|Any CPU = Release|Any CPU
	EndGlobalSection
	GlobalSection(ProjectConfigurationPlatforms) = postSolution
		{CD92170B-D63C-429C-8AD6-68FC3B010D8F}.Debug|Any CPU.ActiveCfg = Debug|Any CPU
		{CD92170B-D63C-429C-8AD6-68FC3B010D8F}.Debug|Any CPU.Build.0 = Debug|Any CPU
		{CD92170B-D63C-429C-8AD6-68FC3B010D8F}.Release|Any CPU.ActiveCfg = Release|Any CPU
		{CD92170B-D63C-429C-8AD6-68FC3B010D8F}.Release|Any CPU.Build.0 = Release|Any CPU
		{0DEB67F5-1C10-46E6-8028-6B65EC67F839}.Debug|Any CPU.ActiveCfg = Debug|Any CPU
		{0DEB67F5-1C10-46E6-8028-6B65EC67F839}.Debug|Any CPU.Build.0 = Debug|Any CPU
		{0DEB67F5-1C10-46E6-8028-6B65EC67F839}.Release|Any CPU.ActiveCfg = Release|Any CPU
		{0DEB67F5-1C10-46E6-8028-6B65EC67F839}.Release|Any CPU.Build.0 = Release|Any CPU
		{04503585-0DDA-4A32-8C86-A69401B708B0}.Debug|Any CPU.ActiveCfg = Debug|Any CPU
		{04503585-0DDA-4A32-8C86-A69401B708B0}.Debug|Any CPU.Build.0 = Debug|Any CPU
		{04503585-0DDA-4A32-8C86-A69401B708B0}.Release|Any CPU.ActiveCfg = Release|Any CPU
		{04503585-0DDA-4A32-8C86-A69401B708B0}.Release|Any CPU.Build.0 = Release|Any CPU
		{648A6032-43AE-4D71-9B36-FDD7F262461F}.Debug|Any CPU.ActiveCfg = Debug|Any CPU
		{648A6032-43AE-4D71-9B36-FDD7F262461F}.Debug|Any CPU.Build.0 = Debug|Any CPU
		{648A6032-43AE-4D71-9B36-FDD7F262461F}.Release|Any CPU.ActiveCfg = Release|Any CPU
		{648A6032-43AE-4D71-9B36-FDD7F262461F}.Release|Any CPU.Build.0 = Release|Any CPU
		{4D7B9FB6-24E3-414E-A263-7E4B057A61E9}.Debug|Any CPU.ActiveCfg = Debug|Any CPU
		{4D7B9FB6-24E3-414E-A263-7E4B057A61E9}.Debug|Any CPU.Build.0 = Debug|Any CPU
		{4D7B9FB6-24E3-414E-A263-7E4B057A61E9}.Release|Any CPU.ActiveCfg = Release|Any CPU
		{4D7B9FB6-24E3-414E-A263-7E4B057A61E9}.Release|Any CPU.Build.0 = Release|Any CPU
		{CBFDC50C-7421-4EE7-A0F1-DFD76B5255A6}.Debug|Any CPU.ActiveCfg = Debug|Any CPU
		{CBFDC50C-7421-4EE7-A0F1-DFD76B5255A6}.Debug|Any CPU.Build.0 = Debug|Any CPU
		{CBFDC50C-7421-4EE7-A0F1-DFD76B5255A6}.Release|Any CPU.ActiveCfg = Release|Any CPU
		{CBFDC50C-7421-4EE7-A0F1-DFD76B5255A6}.Release|Any CPU.Build.0 = Release|Any CPU
		{C3243087-8FD0-40E0-93EA-2E98DFB9E991}.Debug|Any CPU.ActiveCfg = Debug|Any CPU
		{C3243087-8FD0-40E0-93EA-2E98DFB9E991}.Debug|Any CPU.Build.0 = Debug|Any CPU
		{C3243087-8FD0-40E0-93EA-2E98DFB9E991}.Release|Any CPU.ActiveCfg = Release|Any CPU
		{C3243087-8FD0-40E0-93EA-2E98DFB9E991}.Release|Any CPU.Build.0 = Release|Any CPU
	EndGlobalSection
	GlobalSection(SolutionProperties) = preSolution
		HideSolutionNode = FALSE
	EndGlobalSection
	GlobalSection(NestedProjects) = preSolution
		{CD92170B-D63C-429C-8AD6-68FC3B010D8F} = {822AEF0C-5999-478E-9BA4-55F21CF845E5}
		{0DEB67F5-1C10-46E6-8028-6B65EC67F839} = {822AEF0C-5999-478E-9BA4-55F21CF845E5}
		{04503585-0DDA-4A32-8C86-A69401B708B0} = {822AEF0C-5999-478E-9BA4-55F21CF845E5}
		{648A6032-43AE-4D71-9B36-FDD7F262461F} = {822AEF0C-5999-478E-9BA4-55F21CF845E5}
		{4D7B9FB6-24E3-414E-A263-7E4B057A61E9} = {822AEF0C-5999-478E-9BA4-55F21CF845E5}
		{CBFDC50C-7421-4EE7-A0F1-DFD76B5255A6} = {822AEF0C-5999-478E-9BA4-55F21CF845E5}
		{C3243087-8FD0-40E0-93EA-2E98DFB9E991} = {822AEF0C-5999-478E-9BA4-55F21CF845E5}
	EndGlobalSection
	GlobalSection(ExtensibilityGlobals) = postSolution
		SolutionGuid = {592761DE-3B8C-4730-8C5B-0FF721FB4917}
	EndGlobalSection
EndGlobal
